
Microsoft Visual Studio Solution File, Format Version 12.00
# Visual Studio Version 17
VisualStudioVersion = 17.9.34723.18
MinimumVisualStudioVersion = 10.0.40219.1
Project("{9A19103F-16F7-4668-BE54-9A1E7A4F7556}") = "Data", "Data\Data.csproj", "{5C129925-21B7-45B6-8AF6-A618CD68CFD7}"
EndProject
Project("{9A19103F-16F7-4668-BE54-9A1E7A4F7556}") = "Logic", "Logic\Logic.csproj", "{E570CC67-AF23-4776-A8E6-5D5E1F0C29EB}"
EndProject
Project("{9A19103F-16F7-4668-BE54-9A1E7A4F7556}") = "DataTest", "DataTest\DataTest.csproj", "{F3862DA2-A7BD-4166-B348-FB36B6C161FA}"
EndProject
Project("{9A19103F-16F7-4668-BE54-9A1E7A4F7556}") = "LogicTest", "LogicTest\LogicTest.csproj", "{F832FC34-FB76-452B-B854-F5BC2F8E80A0}"
EndProject
Project("{9A19103F-16F7-4668-BE54-9A1E7A4F7556}") = "PresentationModel", "PresentationModel\PresentationModel.csproj", "{1C070987-3726-4AFC-9BE9-C0C3C7913EE7}"
EndProject
Project("{9A19103F-16F7-4668-BE54-9A1E7A4F7556}") = "PresentationViewModel", "PresentationViewModel\PresentationViewModel.csproj", "{E70D6A45-AE65-403C-810A-A0C6E2AFE0B2}"
EndProject
Project("{9A19103F-16F7-4668-BE54-9A1E7A4F7556}") = "PresentationView", "PresentationView\PresentationView.csproj", "{E1DDAF12-D91A-4C87-B8EB-1043F2BD3450}"
EndProject
Project("{2150E333-8FDC-42A3-9474-1A3956D46DE8}") = "Client", "Client", "{C1B9B44B-72FD-40B5-A6B5-6E17A1D9FB7F}"
EndProject
Project("{2150E333-8FDC-42A3-9474-1A3956D46DE8}") = "Tests", "Tests", "{A4DD5203-A504-415B-8439-B38948331C71}"
EndProject
Project("{2150E333-8FDC-42A3-9474-1A3956D46DE8}") = "Server", "Server", "{2BF80574-AE62-40A7-9E47-001B708760BE}"
EndProject
Project("{9A19103F-16F7-4668-BE54-9A1E7A4F7556}") = "ServerPresentation", "ServerPresentation\ServerPresentation.csproj", "{07635C2F-8997-432F-BFF0-31EFAE3580D8}"
EndProject
Project("{9A19103F-16F7-4668-BE54-9A1E7A4F7556}") = "ServerData", "ServerData\ServerData.csproj", "{19F7C91C-2C9C-42C5-A78D-8F8957C46EC9}"
EndProject
Project("{9A19103F-16F7-4668-BE54-9A1E7A4F7556}") = "ServerLogic", "ServerLogic\ServerLogic.csproj", "{BD37E1B0-F3C3-417B-8FE0-C4B61E775097}"
EndProject
Project("{2150E333-8FDC-42A3-9474-1A3956D46DE8}") = "Tests", "Tests", "{AF5D0CC2-77A1-4250-B23E-DCB753AB689A}"
EndProject
Project("{9A19103F-16F7-4668-BE54-9A1E7A4F7556}") = "ServerDataTest", "ServerDataTest\ServerDataTest.csproj", "{09845871-AA0E-46EE-9773-1CF6E673E72E}"
EndProject
Project("{9A19103F-16F7-4668-BE54-9A1E7A4F7556}") = "ServerLogicTest", "ServerLogicTest\ServerLogicTest.csproj", "{FE3E3A98-F8DA-47E4-BEAB-C0AFAA4846C6}"
EndProject
Project("{FAE04EC0-301F-11D3-BF4B-00C04F79EFBC}") = "CommandsGenerator", "CommandsGenerator\CommandsGenerator.csproj", "{D7D2B53C-93E4-40D2-BBFB-E5696979FA98}"
EndProject
Global
	GlobalSection(SolutionConfigurationPlatforms) = preSolution
		Debug|Any CPU = Debug|Any CPU
		Release|Any CPU = Release|Any CPU
	EndGlobalSection
	GlobalSection(ProjectConfigurationPlatforms) = postSolution
		{5C129925-21B7-45B6-8AF6-A618CD68CFD7}.Debug|Any CPU.ActiveCfg = Debug|Any CPU
		{5C129925-21B7-45B6-8AF6-A618CD68CFD7}.Debug|Any CPU.Build.0 = Debug|Any CPU
		{5C129925-21B7-45B6-8AF6-A618CD68CFD7}.Release|Any CPU.ActiveCfg = Release|Any CPU
		{5C129925-21B7-45B6-8AF6-A618CD68CFD7}.Release|Any CPU.Build.0 = Release|Any CPU
		{E570CC67-AF23-4776-A8E6-5D5E1F0C29EB}.Debug|Any CPU.ActiveCfg = Debug|Any CPU
		{E570CC67-AF23-4776-A8E6-5D5E1F0C29EB}.Debug|Any CPU.Build.0 = Debug|Any CPU
		{E570CC67-AF23-4776-A8E6-5D5E1F0C29EB}.Release|Any CPU.ActiveCfg = Release|Any CPU
		{E570CC67-AF23-4776-A8E6-5D5E1F0C29EB}.Release|Any CPU.Build.0 = Release|Any CPU
		{F3862DA2-A7BD-4166-B348-FB36B6C161FA}.Debug|Any CPU.ActiveCfg = Debug|Any CPU
		{F3862DA2-A7BD-4166-B348-FB36B6C161FA}.Debug|Any CPU.Build.0 = Debug|Any CPU
		{F3862DA2-A7BD-4166-B348-FB36B6C161FA}.Release|Any CPU.ActiveCfg = Release|Any CPU
		{F3862DA2-A7BD-4166-B348-FB36B6C161FA}.Release|Any CPU.Build.0 = Release|Any CPU
		{F832FC34-FB76-452B-B854-F5BC2F8E80A0}.Debug|Any CPU.ActiveCfg = Debug|Any CPU
		{F832FC34-FB76-452B-B854-F5BC2F8E80A0}.Debug|Any CPU.Build.0 = Debug|Any CPU
		{F832FC34-FB76-452B-B854-F5BC2F8E80A0}.Release|Any CPU.ActiveCfg = Release|Any CPU
		{F832FC34-FB76-452B-B854-F5BC2F8E80A0}.Release|Any CPU.Build.0 = Release|Any CPU
		{1C070987-3726-4AFC-9BE9-C0C3C7913EE7}.Debug|Any CPU.ActiveCfg = Debug|Any CPU
		{1C070987-3726-4AFC-9BE9-C0C3C7913EE7}.Debug|Any CPU.Build.0 = Debug|Any CPU
		{1C070987-3726-4AFC-9BE9-C0C3C7913EE7}.Release|Any CPU.ActiveCfg = Release|Any CPU
		{1C070987-3726-4AFC-9BE9-C0C3C7913EE7}.Release|Any CPU.Build.0 = Release|Any CPU
		{E70D6A45-AE65-403C-810A-A0C6E2AFE0B2}.Debug|Any CPU.ActiveCfg = Debug|Any CPU
		{E70D6A45-AE65-403C-810A-A0C6E2AFE0B2}.Debug|Any CPU.Build.0 = Debug|Any CPU
		{E70D6A45-AE65-403C-810A-A0C6E2AFE0B2}.Release|Any CPU.ActiveCfg = Release|Any CPU
		{E70D6A45-AE65-403C-810A-A0C6E2AFE0B2}.Release|Any CPU.Build.0 = Release|Any CPU
		{E1DDAF12-D91A-4C87-B8EB-1043F2BD3450}.Debug|Any CPU.ActiveCfg = Debug|Any CPU
		{E1DDAF12-D91A-4C87-B8EB-1043F2BD3450}.Debug|Any CPU.Build.0 = Debug|Any CPU
		{E1DDAF12-D91A-4C87-B8EB-1043F2BD3450}.Release|Any CPU.ActiveCfg = Release|Any CPU
		{E1DDAF12-D91A-4C87-B8EB-1043F2BD3450}.Release|Any CPU.Build.0 = Release|Any CPU
		{07635C2F-8997-432F-BFF0-31EFAE3580D8}.Debug|Any CPU.ActiveCfg = Debug|Any CPU
		{07635C2F-8997-432F-BFF0-31EFAE3580D8}.Debug|Any CPU.Build.0 = Debug|Any CPU
		{07635C2F-8997-432F-BFF0-31EFAE3580D8}.Release|Any CPU.ActiveCfg = Release|Any CPU
		{07635C2F-8997-432F-BFF0-31EFAE3580D8}.Release|Any CPU.Build.0 = Release|Any CPU
		{19F7C91C-2C9C-42C5-A78D-8F8957C46EC9}.Debug|Any CPU.ActiveCfg = Debug|Any CPU
		{19F7C91C-2C9C-42C5-A78D-8F8957C46EC9}.Debug|Any CPU.Build.0 = Debug|Any CPU
		{19F7C91C-2C9C-42C5-A78D-8F8957C46EC9}.Release|Any CPU.ActiveCfg = Release|Any CPU
		{19F7C91C-2C9C-42C5-A78D-8F8957C46EC9}.Release|Any CPU.Build.0 = Release|Any CPU
		{BD37E1B0-F3C3-417B-8FE0-C4B61E775097}.Debug|Any CPU.ActiveCfg = Debug|Any CPU
		{BD37E1B0-F3C3-417B-8FE0-C4B61E775097}.Debug|Any CPU.Build.0 = Debug|Any CPU
		{BD37E1B0-F3C3-417B-8FE0-C4B61E775097}.Release|Any CPU.ActiveCfg = Release|Any CPU
		{BD37E1B0-F3C3-417B-8FE0-C4B61E775097}.Release|Any CPU.Build.0 = Release|Any CPU
		{09845871-AA0E-46EE-9773-1CF6E673E72E}.Debug|Any CPU.ActiveCfg = Debug|Any CPU
		{09845871-AA0E-46EE-9773-1CF6E673E72E}.Debug|Any CPU.Build.0 = Debug|Any CPU
		{09845871-AA0E-46EE-9773-1CF6E673E72E}.Release|Any CPU.ActiveCfg = Release|Any CPU
		{09845871-AA0E-46EE-9773-1CF6E673E72E}.Release|Any CPU.Build.0 = Release|Any CPU
		{FE3E3A98-F8DA-47E4-BEAB-C0AFAA4846C6}.Debug|Any CPU.ActiveCfg = Debug|Any CPU
		{FE3E3A98-F8DA-47E4-BEAB-C0AFAA4846C6}.Debug|Any CPU.Build.0 = Debug|Any CPU
		{FE3E3A98-F8DA-47E4-BEAB-C0AFAA4846C6}.Release|Any CPU.ActiveCfg = Release|Any CPU
		{FE3E3A98-F8DA-47E4-BEAB-C0AFAA4846C6}.Release|Any CPU.Build.0 = Release|Any CPU
		{D7D2B53C-93E4-40D2-BBFB-E5696979FA98}.Debug|Any CPU.ActiveCfg = Debug|Any CPU
		{D7D2B53C-93E4-40D2-BBFB-E5696979FA98}.Debug|Any CPU.Build.0 = Debug|Any CPU
		{D7D2B53C-93E4-40D2-BBFB-E5696979FA98}.Release|Any CPU.ActiveCfg = Release|Any CPU
		{D7D2B53C-93E4-40D2-BBFB-E5696979FA98}.Release|Any CPU.Build.0 = Release|Any CPU
	EndGlobalSection
	GlobalSection(SolutionProperties) = preSolution
		HideSolutionNode = FALSE
	EndGlobalSection
	GlobalSection(NestedProjects) = preSolution
		{5C129925-21B7-45B6-8AF6-A618CD68CFD7} = {C1B9B44B-72FD-40B5-A6B5-6E17A1D9FB7F}
		{E570CC67-AF23-4776-A8E6-5D5E1F0C29EB} = {C1B9B44B-72FD-40B5-A6B5-6E17A1D9FB7F}
		{F3862DA2-A7BD-4166-B348-FB36B6C161FA} = {A4DD5203-A504-415B-8439-B38948331C71}
		{F832FC34-FB76-452B-B854-F5BC2F8E80A0} = {A4DD5203-A504-415B-8439-B38948331C71}
		{1C070987-3726-4AFC-9BE9-C0C3C7913EE7} = {C1B9B44B-72FD-40B5-A6B5-6E17A1D9FB7F}
		{E70D6A45-AE65-403C-810A-A0C6E2AFE0B2} = {C1B9B44B-72FD-40B5-A6B5-6E17A1D9FB7F}
		{E1DDAF12-D91A-4C87-B8EB-1043F2BD3450} = {C1B9B44B-72FD-40B5-A6B5-6E17A1D9FB7F}
		{A4DD5203-A504-415B-8439-B38948331C71} = {C1B9B44B-72FD-40B5-A6B5-6E17A1D9FB7F}
		{07635C2F-8997-432F-BFF0-31EFAE3580D8} = {2BF80574-AE62-40A7-9E47-001B708760BE}
		{19F7C91C-2C9C-42C5-A78D-8F8957C46EC9} = {2BF80574-AE62-40A7-9E47-001B708760BE}
		{BD37E1B0-F3C3-417B-8FE0-C4B61E775097} = {2BF80574-AE62-40A7-9E47-001B708760BE}
		{AF5D0CC2-77A1-4250-B23E-DCB753AB689A} = {2BF80574-AE62-40A7-9E47-001B708760BE}
		{09845871-AA0E-46EE-9773-1CF6E673E72E} = {AF5D0CC2-77A1-4250-B23E-DCB753AB689A}
		{FE3E3A98-F8DA-47E4-BEAB-C0AFAA4846C6} = {AF5D0CC2-77A1-4250-B23E-DCB753AB689A}
	EndGlobalSection
	GlobalSection(ExtensibilityGlobals) = postSolution
		SolutionGuid = {4FB6E062-527E-4389-AB61-92E0E2AF7440}
	EndGlobalSection
EndGlobal
